
Microsoft Visual Studio Solution File, Format Version 12.00
# Visual Studio Version 17
VisualStudioVersion = 17.3.32922.545
MinimumVisualStudioVersion = 10.0.40219.1
Project("{FAE04EC0-301F-11D3-BF4B-00C04F79EFBC}") = "Lab05", "Lab05\Lab05.csproj", "{84CCE459-02D0-4ADC-80CD-456749DCCF87}"
EndProject
Global
	GlobalSection(SolutionConfigurationPlatforms) = preSolution
		Debug|Any CPU = Debug|Any CPU
		Release|Any CPU = Release|Any CPU
	EndGlobalSection
	GlobalSection(ProjectConfigurationPlatforms) = postSolution
		{84CCE459-02D0-4ADC-80CD-456749DCCF87}.Debug|Any CPU.ActiveCfg = Debug|Any CPU
		{84CCE459-02D0-4ADC-80CD-456749DCCF87}.Debug|Any CPU.Build.0 = Debug|Any CPU
		{84CCE459-02D0-4ADC-80CD-456749DCCF87}.Release|Any CPU.ActiveCfg = Release|Any CPU
		{84CCE459-02D0-4ADC-80CD-456749DCCF87}.Release|Any CPU.Build.0 = Release|Any CPU
	EndGlobalSection
	GlobalSection(SolutionProperties) = preSolution
		HideSolutionNode = FALSE
	EndGlobalSection
	GlobalSection(ExtensibilityGlobals) = postSolution
		SolutionGuid = {7AC26606-869C-42A7-80B3-A18561E777C9}
	EndGlobalSection
EndGlobal
